
Microsoft Visual Studio Solution File, Format Version 12.00
# Visual Studio Version 17
VisualStudioVersion = 17.11.35312.102
MinimumVisualStudioVersion = 10.0.40219.1
Project("{FAE04EC0-301F-11D3-BF4B-00C04F79EFBC}") = "Book store", "Book store\Book store.csproj", "{63C4323B-56A8-469F-8709-59662EB31992}"
EndProject
Global
	GlobalSection(SolutionConfigurationPlatforms) = preSolution
		Debug|Any CPU = Debug|Any CPU
		Release|Any CPU = Release|Any CPU
	EndGlobalSection
	GlobalSection(ProjectConfigurationPlatforms) = postSolution
		{63C4323B-56A8-469F-8709-59662EB31992}.Debug|Any CPU.ActiveCfg = Debug|Any CPU
		{63C4323B-56A8-469F-8709-59662EB31992}.Debug|Any CPU.Build.0 = Debug|Any CPU
		{63C4323B-56A8-469F-8709-59662EB31992}.Release|Any CPU.ActiveCfg = Release|Any CPU
		{63C4323B-56A8-469F-8709-59662EB31992}.Release|Any CPU.Build.0 = Release|Any CPU
	EndGlobalSection
	GlobalSection(SolutionProperties) = preSolution
		HideSolutionNode = FALSE
	EndGlobalSection
	GlobalSection(ExtensibilityGlobals) = postSolution
		SolutionGuid = {7FFA8A85-D4AA-4728-BC46-3F1D690367A2}
	EndGlobalSection
EndGlobal
